
Microsoft Visual Studio Solution File, Format Version 12.00
# Visual Studio Version 17
VisualStudioVersion = 17.6.33723.286
MinimumVisualStudioVersion = 10.0.40219.1
Project("{9A19103F-16F7-4668-BE54-9A1E7A4F7556}") = "ProductAPI", "ProductAPI.csproj", "{EC0CAEEF-68D7-4AEA-A4A3-46C17C31BA2A}"
EndProject
Project("{FAE04EC0-301F-11D3-BF4B-00C04F79EFBC}") = "EAWebApp", "..\EAWebApp\EAWebApp.csproj", "{01102B73-DB0F-45BE-85EF-CA541220D732}"
EndProject
Global
	GlobalSection(SolutionConfigurationPlatforms) = preSolution
		Debug|Any CPU = Debug|Any CPU
		Release|Any CPU = Release|Any CPU
	EndGlobalSection
	GlobalSection(ProjectConfigurationPlatforms) = postSolution
		{EC0CAEEF-68D7-4AEA-A4A3-46C17C31BA2A}.Debug|Any CPU.ActiveCfg = Debug|Any CPU
		{EC0CAEEF-68D7-4AEA-A4A3-46C17C31BA2A}.Debug|Any CPU.Build.0 = Debug|Any CPU
		{EC0CAEEF-68D7-4AEA-A4A3-46C17C31BA2A}.Release|Any CPU.ActiveCfg = Release|Any CPU
		{EC0CAEEF-68D7-4AEA-A4A3-46C17C31BA2A}.Release|Any CPU.Build.0 = Release|Any CPU
		{01102B73-DB0F-45BE-85EF-CA541220D732}.Debug|Any CPU.ActiveCfg = Debug|Any CPU
		{01102B73-DB0F-45BE-85EF-CA541220D732}.Debug|Any CPU.Build.0 = Debug|Any CPU
		{01102B73-DB0F-45BE-85EF-CA541220D732}.Release|Any CPU.ActiveCfg = Release|Any CPU
		{01102B73-DB0F-45BE-85EF-CA541220D732}.Release|Any CPU.Build.0 = Release|Any CPU
	EndGlobalSection
	GlobalSection(SolutionProperties) = preSolution
		HideSolutionNode = FALSE
	EndGlobalSection
	GlobalSection(ExtensibilityGlobals) = postSolution
		SolutionGuid = {D9B185FA-92E5-4085-BBC5-51C262C5088D}
	EndGlobalSection
EndGlobal
